
Microsoft Visual Studio Solution File, Format Version 11.00
# Visual Studio 2010
Project("{F184B08F-C81C-45F6-A57F-5ABD9991F28F}") = "AuditTatakelolaSI", "AuditTatakelolaSI\AuditTatakelolaSI.vbproj", "{0F57B829-8B6D-44D3-9662-FC3652AF3B72}"
EndProject
Global
	GlobalSection(SolutionConfigurationPlatforms) = preSolution
		Debug|x86 = Debug|x86
		Release|x86 = Release|x86
	EndGlobalSection
	GlobalSection(ProjectConfigurationPlatforms) = postSolution
		{0F57B829-8B6D-44D3-9662-FC3652AF3B72}.Debug|x86.ActiveCfg = Debug|x86
		{0F57B829-8B6D-44D3-9662-FC3652AF3B72}.Debug|x86.Build.0 = Debug|x86
		{0F57B829-8B6D-44D3-9662-FC3652AF3B72}.Release|x86.ActiveCfg = Release|x86
		{0F57B829-8B6D-44D3-9662-FC3652AF3B72}.Release|x86.Build.0 = Release|x86
	EndGlobalSection
	GlobalSection(SolutionProperties) = preSolution
		HideSolutionNode = FALSE
	EndGlobalSection
EndGlobal
